
Microsoft Visual Studio Solution File, Format Version 12.00
# Visual Studio Version 16
VisualStudioVersion = 16.0.29519.87
MinimumVisualStudioVersion = 10.0.40219.1
Project("{2150E333-8FDC-42A3-9474-1A3956D46DE8}") = "Domain", "Domain", "{B68031BC-26E8-4370-B610-823A9B27B7C5}"
EndProject
Project("{2150E333-8FDC-42A3-9474-1A3956D46DE8}") = "Infra.Bus", "Infra.Bus", "{F12885CF-A4CE-40A0-A0A9-BF7396AE99C4}"
EndProject
Project("{2150E333-8FDC-42A3-9474-1A3956D46DE8}") = "Infra.IoC", "Infra.IoC", "{D6F48E6C-8F7C-48F2-BC3E-BD248451E0E5}"
EndProject
Project("{2150E333-8FDC-42A3-9474-1A3956D46DE8}") = "MicroServices", "MicroServices", "{4022B632-C36E-4A22-8A00-5A59C0531F15}"
EndProject
Project("{2150E333-8FDC-42A3-9474-1A3956D46DE8}") = "Presentation", "Presentation", "{B6D847B1-000C-466E-B7FB-56067B63E19C}"
EndProject
Project("{9A19103F-16F7-4668-BE54-9A1E7A4F7556}") = "MicroRabbit.Domain.Core", "MicroRabbit.Domain.Core\MicroRabbit.Domain.Core.csproj", "{0239E693-22AB-4149-BD10-C081D262C140}"
EndProject
Project("{9A19103F-16F7-4668-BE54-9A1E7A4F7556}") = "MicroRabbit.Infra.Bus", "MicroRabbit.Infra.Bus\MicroRabbit.Infra.Bus.csproj", "{F9886897-7F4F-45B9-9728-171372D6EBB6}"
EndProject
Project("{9A19103F-16F7-4668-BE54-9A1E7A4F7556}") = "MicroRabbit.Infra.IoC", "MicroRabbit.Infra.IoC\MicroRabbit.Infra.IoC.csproj", "{8781C764-8F41-46E5-B0C7-80DA62210B7F}"
EndProject
Project("{2150E333-8FDC-42A3-9474-1A3956D46DE8}") = "Banking", "Banking", "{3433B518-3D30-4CDC-B7B6-1EF66B092990}"
EndProject
Project("{2150E333-8FDC-42A3-9474-1A3956D46DE8}") = "Api", "Api", "{77AA3881-356A-4574-A873-37490817DCF9}"
EndProject
Project("{2150E333-8FDC-42A3-9474-1A3956D46DE8}") = "Application", "Application", "{7B2C86D3-51E0-4253-936D-938B5DE34613}"
EndProject
Project("{2150E333-8FDC-42A3-9474-1A3956D46DE8}") = "Data", "Data", "{6D46A431-72EE-4FD9-811F-CB96C0F29433}"
EndProject
Project("{2150E333-8FDC-42A3-9474-1A3956D46DE8}") = "Domain", "Domain", "{39C7AB3D-0664-4259-99F2-398EABB82800}"
EndProject
Project("{9A19103F-16F7-4668-BE54-9A1E7A4F7556}") = "MicroRabbit.Banking.Api", "MicroRabbit.Banking.Api\MicroRabbit.Banking.Api.csproj", "{5A481236-D411-41BC-B32E-C3812922631D}"
EndProject
Project("{9A19103F-16F7-4668-BE54-9A1E7A4F7556}") = "MicroRabbit.Banking.Application", "MicroRabbit.Banking.Application\MicroRabbit.Banking.Application.csproj", "{E4343A02-6BE4-408C-BE29-E126968CC7B0}"
EndProject
Project("{9A19103F-16F7-4668-BE54-9A1E7A4F7556}") = "MicroRabbit.Banking.Data", "MicroRabbit.Banking.Data\MicroRabbit.Banking.Data.csproj", "{BB6BEED9-FBBE-4C4A-ADCB-FD7A1F840C22}"
EndProject
Project("{9A19103F-16F7-4668-BE54-9A1E7A4F7556}") = "MicroRabbit.Banking.Domain", "MicroRabbit.Banking.Domain\MicroRabbit.Banking.Domain.csproj", "{9335C5DD-47D1-4FA6-9F08-419B6AE99298}"
EndProject
Project("{2150E333-8FDC-42A3-9474-1A3956D46DE8}") = "Transfer", "Transfer", "{DBED8579-A390-4A45-850A-26871E6E19B7}"
EndProject
Project("{2150E333-8FDC-42A3-9474-1A3956D46DE8}") = "Api", "Api", "{25AED3DD-0575-4A21-8217-196D80352B3B}"
EndProject
Project("{2150E333-8FDC-42A3-9474-1A3956D46DE8}") = "Application", "Application", "{D7891372-7313-4502-98B6-E57C5EB0591D}"
EndProject
Project("{2150E333-8FDC-42A3-9474-1A3956D46DE8}") = "Data", "Data", "{2E724F47-6795-4456-989A-A7542B260210}"
EndProject
Project("{2150E333-8FDC-42A3-9474-1A3956D46DE8}") = "Domain", "Domain", "{EC8E814F-A95D-4DA4-8F3A-67EC09C33413}"
EndProject
Project("{FAE04EC0-301F-11D3-BF4B-00C04F79EFBC}") = "MicroRabbit.Transfer.Api", "MicroRabbit.Transfer.Api\MicroRabbit.Transfer.Api.csproj", "{01F7C463-DABB-474E-8658-8D1D60616DC1}"
EndProject
Project("{FAE04EC0-301F-11D3-BF4B-00C04F79EFBC}") = "MicroRabbit.Transfer.Application", "MicroRabbit.Transfer.Application\MicroRabbit.Transfer.Application.csproj", "{5CBAA480-70F6-405E-BD2B-210772CAF0D2}"
EndProject
Project("{FAE04EC0-301F-11D3-BF4B-00C04F79EFBC}") = "MicroRabbit.Transfer.Data", "MicroRabbit.Transfer.Data\MicroRabbit.Transfer.Data.csproj", "{DB4A93D6-B5AA-45B2-8718-3A1AF852D719}"
EndProject
Project("{FAE04EC0-301F-11D3-BF4B-00C04F79EFBC}") = "MicroRabbit.Transfer.Domain", "MicroRabbit.Transfer.Domain\MicroRabbit.Transfer.Domain.csproj", "{A77EE556-837D-4151-8B17-55A40971B4BE}"
EndProject
Global
	GlobalSection(SolutionConfigurationPlatforms) = preSolution
		Debug|Any CPU = Debug|Any CPU
		Release|Any CPU = Release|Any CPU
	EndGlobalSection
	GlobalSection(ProjectConfigurationPlatforms) = postSolution
		{0239E693-22AB-4149-BD10-C081D262C140}.Debug|Any CPU.ActiveCfg = Debug|Any CPU
		{0239E693-22AB-4149-BD10-C081D262C140}.Debug|Any CPU.Build.0 = Debug|Any CPU
		{0239E693-22AB-4149-BD10-C081D262C140}.Release|Any CPU.ActiveCfg = Release|Any CPU
		{0239E693-22AB-4149-BD10-C081D262C140}.Release|Any CPU.Build.0 = Release|Any CPU
		{F9886897-7F4F-45B9-9728-171372D6EBB6}.Debug|Any CPU.ActiveCfg = Debug|Any CPU
		{F9886897-7F4F-45B9-9728-171372D6EBB6}.Debug|Any CPU.Build.0 = Debug|Any CPU
		{F9886897-7F4F-45B9-9728-171372D6EBB6}.Release|Any CPU.ActiveCfg = Release|Any CPU
		{F9886897-7F4F-45B9-9728-171372D6EBB6}.Release|Any CPU.Build.0 = Release|Any CPU
		{8781C764-8F41-46E5-B0C7-80DA62210B7F}.Debug|Any CPU.ActiveCfg = Debug|Any CPU
		{8781C764-8F41-46E5-B0C7-80DA62210B7F}.Debug|Any CPU.Build.0 = Debug|Any CPU
		{8781C764-8F41-46E5-B0C7-80DA62210B7F}.Release|Any CPU.ActiveCfg = Release|Any CPU
		{8781C764-8F41-46E5-B0C7-80DA62210B7F}.Release|Any CPU.Build.0 = Release|Any CPU
		{5A481236-D411-41BC-B32E-C3812922631D}.Debug|Any CPU.ActiveCfg = Debug|Any CPU
		{5A481236-D411-41BC-B32E-C3812922631D}.Debug|Any CPU.Build.0 = Debug|Any CPU
		{5A481236-D411-41BC-B32E-C3812922631D}.Release|Any CPU.ActiveCfg = Release|Any CPU
		{5A481236-D411-41BC-B32E-C3812922631D}.Release|Any CPU.Build.0 = Release|Any CPU
		{E4343A02-6BE4-408C-BE29-E126968CC7B0}.Debug|Any CPU.ActiveCfg = Debug|Any CPU
		{E4343A02-6BE4-408C-BE29-E126968CC7B0}.Debug|Any CPU.Build.0 = Debug|Any CPU
		{E4343A02-6BE4-408C-BE29-E126968CC7B0}.Release|Any CPU.ActiveCfg = Release|Any CPU
		{E4343A02-6BE4-408C-BE29-E126968CC7B0}.Release|Any CPU.Build.0 = Release|Any CPU
		{BB6BEED9-FBBE-4C4A-ADCB-FD7A1F840C22}.Debug|Any CPU.ActiveCfg = Debug|Any CPU
		{BB6BEED9-FBBE-4C4A-ADCB-FD7A1F840C22}.Debug|Any CPU.Build.0 = Debug|Any CPU
		{BB6BEED9-FBBE-4C4A-ADCB-FD7A1F840C22}.Release|Any CPU.ActiveCfg = Release|Any CPU
		{BB6BEED9-FBBE-4C4A-ADCB-FD7A1F840C22}.Release|Any CPU.Build.0 = Release|Any CPU
		{9335C5DD-47D1-4FA6-9F08-419B6AE99298}.Debug|Any CPU.ActiveCfg = Debug|Any CPU
		{9335C5DD-47D1-4FA6-9F08-419B6AE99298}.Debug|Any CPU.Build.0 = Debug|Any CPU
		{9335C5DD-47D1-4FA6-9F08-419B6AE99298}.Release|Any CPU.ActiveCfg = Release|Any CPU
		{9335C5DD-47D1-4FA6-9F08-419B6AE99298}.Release|Any CPU.Build.0 = Release|Any CPU
		{01F7C463-DABB-474E-8658-8D1D60616DC1}.Debug|Any CPU.ActiveCfg = Debug|Any CPU
		{01F7C463-DABB-474E-8658-8D1D60616DC1}.Debug|Any CPU.Build.0 = Debug|Any CPU
		{01F7C463-DABB-474E-8658-8D1D60616DC1}.Release|Any CPU.ActiveCfg = Release|Any CPU
		{01F7C463-DABB-474E-8658-8D1D60616DC1}.Release|Any CPU.Build.0 = Release|Any CPU
		{5CBAA480-70F6-405E-BD2B-210772CAF0D2}.Debug|Any CPU.ActiveCfg = Debug|Any CPU
		{5CBAA480-70F6-405E-BD2B-210772CAF0D2}.Debug|Any CPU.Build.0 = Debug|Any CPU
		{5CBAA480-70F6-405E-BD2B-210772CAF0D2}.Release|Any CPU.ActiveCfg = Release|Any CPU
		{5CBAA480-70F6-405E-BD2B-210772CAF0D2}.Release|Any CPU.Build.0 = Release|Any CPU
		{DB4A93D6-B5AA-45B2-8718-3A1AF852D719}.Debug|Any CPU.ActiveCfg = Debug|Any CPU
		{DB4A93D6-B5AA-45B2-8718-3A1AF852D719}.Debug|Any CPU.Build.0 = Debug|Any CPU
		{DB4A93D6-B5AA-45B2-8718-3A1AF852D719}.Release|Any CPU.ActiveCfg = Release|Any CPU
		{DB4A93D6-B5AA-45B2-8718-3A1AF852D719}.Release|Any CPU.Build.0 = Release|Any CPU
		{A77EE556-837D-4151-8B17-55A40971B4BE}.Debug|Any CPU.ActiveCfg = Debug|Any CPU
		{A77EE556-837D-4151-8B17-55A40971B4BE}.Debug|Any CPU.Build.0 = Debug|Any CPU
		{A77EE556-837D-4151-8B17-55A40971B4BE}.Release|Any CPU.ActiveCfg = Release|Any CPU
		{A77EE556-837D-4151-8B17-55A40971B4BE}.Release|Any CPU.Build.0 = Release|Any CPU
	EndGlobalSection
	GlobalSection(SolutionProperties) = preSolution
		HideSolutionNode = FALSE
	EndGlobalSection
	GlobalSection(NestedProjects) = preSolution
		{0239E693-22AB-4149-BD10-C081D262C140} = {B68031BC-26E8-4370-B610-823A9B27B7C5}
		{F9886897-7F4F-45B9-9728-171372D6EBB6} = {F12885CF-A4CE-40A0-A0A9-BF7396AE99C4}
		{8781C764-8F41-46E5-B0C7-80DA62210B7F} = {D6F48E6C-8F7C-48F2-BC3E-BD248451E0E5}
		{3433B518-3D30-4CDC-B7B6-1EF66B092990} = {4022B632-C36E-4A22-8A00-5A59C0531F15}
		{77AA3881-356A-4574-A873-37490817DCF9} = {3433B518-3D30-4CDC-B7B6-1EF66B092990}
		{7B2C86D3-51E0-4253-936D-938B5DE34613} = {3433B518-3D30-4CDC-B7B6-1EF66B092990}
		{6D46A431-72EE-4FD9-811F-CB96C0F29433} = {3433B518-3D30-4CDC-B7B6-1EF66B092990}
		{39C7AB3D-0664-4259-99F2-398EABB82800} = {3433B518-3D30-4CDC-B7B6-1EF66B092990}
		{5A481236-D411-41BC-B32E-C3812922631D} = {77AA3881-356A-4574-A873-37490817DCF9}
		{E4343A02-6BE4-408C-BE29-E126968CC7B0} = {7B2C86D3-51E0-4253-936D-938B5DE34613}
		{BB6BEED9-FBBE-4C4A-ADCB-FD7A1F840C22} = {6D46A431-72EE-4FD9-811F-CB96C0F29433}
		{9335C5DD-47D1-4FA6-9F08-419B6AE99298} = {39C7AB3D-0664-4259-99F2-398EABB82800}
		{DBED8579-A390-4A45-850A-26871E6E19B7} = {4022B632-C36E-4A22-8A00-5A59C0531F15}
		{25AED3DD-0575-4A21-8217-196D80352B3B} = {DBED8579-A390-4A45-850A-26871E6E19B7}
		{D7891372-7313-4502-98B6-E57C5EB0591D} = {DBED8579-A390-4A45-850A-26871E6E19B7}
		{2E724F47-6795-4456-989A-A7542B260210} = {DBED8579-A390-4A45-850A-26871E6E19B7}
		{EC8E814F-A95D-4DA4-8F3A-67EC09C33413} = {DBED8579-A390-4A45-850A-26871E6E19B7}
		{01F7C463-DABB-474E-8658-8D1D60616DC1} = {25AED3DD-0575-4A21-8217-196D80352B3B}
		{5CBAA480-70F6-405E-BD2B-210772CAF0D2} = {D7891372-7313-4502-98B6-E57C5EB0591D}
		{DB4A93D6-B5AA-45B2-8718-3A1AF852D719} = {2E724F47-6795-4456-989A-A7542B260210}
		{A77EE556-837D-4151-8B17-55A40971B4BE} = {EC8E814F-A95D-4DA4-8F3A-67EC09C33413}
	EndGlobalSection
	GlobalSection(ExtensibilityGlobals) = postSolution
		SolutionGuid = {F8E2D0B2-6A43-4948-A026-A7326DBDCF0A}
	EndGlobalSection
EndGlobal
