
Microsoft Visual Studio Solution File, Format Version 12.00
# Visual Studio Version 16
VisualStudioVersion = 16.0.29519.87
MinimumVisualStudioVersion = 10.0.40219.1
Project("{2150E333-8FDC-42A3-9474-1A3956D46DE8}") = "Domain", "Domain", "{B68031BC-26E8-4370-B610-823A9B27B7C5}"
EndProject
Project("{2150E333-8FDC-42A3-9474-1A3956D46DE8}") = "Infra.Bus", "Infra.Bus", "{F12885CF-A4CE-40A0-A0A9-BF7396AE99C4}"
EndProject
Project("{2150E333-8FDC-42A3-9474-1A3956D46DE8}") = "Infra.IoC", "Infra.IoC", "{D6F48E6C-8F7C-48F2-BC3E-BD248451E0E5}"
EndProject
Project("{2150E333-8FDC-42A3-9474-1A3956D46DE8}") = "MicroServices", "MicroServices", "{4022B632-C36E-4A22-8A00-5A59C0531F15}"
EndProject
Project("{2150E333-8FDC-42A3-9474-1A3956D46DE8}") = "Presentation", "Presentation", "{B6D847B1-000C-466E-B7FB-56067B63E19C}"
EndProject
Project("{FAE04EC0-301F-11D3-BF4B-00C04F79EFBC}") = "MicroRabbit.Domain.Core", "MicroRabbit.Domain.Core\MicroRabbit.Domain.Core.csproj", "{0239E693-22AB-4149-BD10-C081D262C140}"
EndProject
Project("{FAE04EC0-301F-11D3-BF4B-00C04F79EFBC}") = "MicroRabbit.Infra.Bus", "MicroRabbit.Infra.Bus\MicroRabbit.Infra.Bus.csproj", "{F9886897-7F4F-45B9-9728-171372D6EBB6}"
EndProject
Project("{FAE04EC0-301F-11D3-BF4B-00C04F79EFBC}") = "MicroRabbit.Infra.IoC", "MicroRabbit.Infra.IoC\MicroRabbit.Infra.IoC.csproj", "{8781C764-8F41-46E5-B0C7-80DA62210B7F}"
EndProject
Global
	GlobalSection(SolutionConfigurationPlatforms) = preSolution
		Debug|Any CPU = Debug|Any CPU
		Release|Any CPU = Release|Any CPU
	EndGlobalSection
	GlobalSection(ProjectConfigurationPlatforms) = postSolution
		{0239E693-22AB-4149-BD10-C081D262C140}.Debug|Any CPU.ActiveCfg = Debug|Any CPU
		{0239E693-22AB-4149-BD10-C081D262C140}.Debug|Any CPU.Build.0 = Debug|Any CPU
		{0239E693-22AB-4149-BD10-C081D262C140}.Release|Any CPU.ActiveCfg = Release|Any CPU
		{0239E693-22AB-4149-BD10-C081D262C140}.Release|Any CPU.Build.0 = Release|Any CPU
		{F9886897-7F4F-45B9-9728-171372D6EBB6}.Debug|Any CPU.ActiveCfg = Debug|Any CPU
		{F9886897-7F4F-45B9-9728-171372D6EBB6}.Debug|Any CPU.Build.0 = Debug|Any CPU
		{F9886897-7F4F-45B9-9728-171372D6EBB6}.Release|Any CPU.ActiveCfg = Release|Any CPU
		{F9886897-7F4F-45B9-9728-171372D6EBB6}.Release|Any CPU.Build.0 = Release|Any CPU
		{8781C764-8F41-46E5-B0C7-80DA62210B7F}.Debug|Any CPU.ActiveCfg = Debug|Any CPU
		{8781C764-8F41-46E5-B0C7-80DA62210B7F}.Debug|Any CPU.Build.0 = Debug|Any CPU
		{8781C764-8F41-46E5-B0C7-80DA62210B7F}.Release|Any CPU.ActiveCfg = Release|Any CPU
		{8781C764-8F41-46E5-B0C7-80DA62210B7F}.Release|Any CPU.Build.0 = Release|Any CPU
	EndGlobalSection
	GlobalSection(SolutionProperties) = preSolution
		HideSolutionNode = FALSE
	EndGlobalSection
	GlobalSection(NestedProjects) = preSolution
		{0239E693-22AB-4149-BD10-C081D262C140} = {B68031BC-26E8-4370-B610-823A9B27B7C5}
		{F9886897-7F4F-45B9-9728-171372D6EBB6} = {F12885CF-A4CE-40A0-A0A9-BF7396AE99C4}
		{8781C764-8F41-46E5-B0C7-80DA62210B7F} = {D6F48E6C-8F7C-48F2-BC3E-BD248451E0E5}
	EndGlobalSection
	GlobalSection(ExtensibilityGlobals) = postSolution
		SolutionGuid = {F8E2D0B2-6A43-4948-A026-A7326DBDCF0A}
	EndGlobalSection
EndGlobal
